
Microsoft Visual Studio Solution File, Format Version 12.00
# Visual Studio Version 16
VisualStudioVersion = 16.0.29709.97
MinimumVisualStudioVersion = 10.0.40219.1
Project("{FAE04EC0-301F-11D3-BF4B-00C04F79EFBC}") = "MacroCalculator.Android", "MacroCalculator\MacroCalculator.Android\MacroCalculator.Android.csproj", "{5719CDA3-FA7A-4BE6-B54A-609C0245264F}"
EndProject
Project("{FAE04EC0-301F-11D3-BF4B-00C04F79EFBC}") = "MacroCalculator.iOS", "MacroCalculator\MacroCalculator.iOS\MacroCalculator.iOS.csproj", "{F6026CA2-8490-4AD9-922D-2088C774D754}"
EndProject
Project("{9A19103F-16F7-4668-BE54-9A1E7A4F7556}") = "MacroCalculator", "MacroCalculator\MacroCalculator\MacroCalculator.csproj", "{FF66AA27-EEB2-4218-8581-91021B0A8B0B}"
EndProject
Global
	GlobalSection(SolutionConfigurationPlatforms) = preSolution
		Debug|Any CPU = Debug|Any CPU
		Debug|iPhone = Debug|iPhone
		Debug|iPhoneSimulator = Debug|iPhoneSimulator
		Release|Any CPU = Release|Any CPU
		Release|iPhone = Release|iPhone
		Release|iPhoneSimulator = Release|iPhoneSimulator
	EndGlobalSection
	GlobalSection(ProjectConfigurationPlatforms) = postSolution
		{5719CDA3-FA7A-4BE6-B54A-609C0245264F}.Debug|Any CPU.ActiveCfg = Debug|Any CPU
		{5719CDA3-FA7A-4BE6-B54A-609C0245264F}.Debug|Any CPU.Build.0 = Debug|Any CPU
		{5719CDA3-FA7A-4BE6-B54A-609C0245264F}.Debug|Any CPU.Deploy.0 = Debug|Any CPU
		{5719CDA3-FA7A-4BE6-B54A-609C0245264F}.Debug|iPhone.ActiveCfg = Debug|Any CPU
		{5719CDA3-FA7A-4BE6-B54A-609C0245264F}.Debug|iPhone.Build.0 = Debug|Any CPU
		{5719CDA3-FA7A-4BE6-B54A-609C0245264F}.Debug|iPhone.Deploy.0 = Debug|Any CPU
		{5719CDA3-FA7A-4BE6-B54A-609C0245264F}.Debug|iPhoneSimulator.ActiveCfg = Debug|Any CPU
		{5719CDA3-FA7A-4BE6-B54A-609C0245264F}.Debug|iPhoneSimulator.Build.0 = Debug|Any CPU
		{5719CDA3-FA7A-4BE6-B54A-609C0245264F}.Debug|iPhoneSimulator.Deploy.0 = Debug|Any CPU
		{5719CDA3-FA7A-4BE6-B54A-609C0245264F}.Release|Any CPU.ActiveCfg = Release|Any CPU
		{5719CDA3-FA7A-4BE6-B54A-609C0245264F}.Release|Any CPU.Build.0 = Release|Any CPU
		{5719CDA3-FA7A-4BE6-B54A-609C0245264F}.Release|Any CPU.Deploy.0 = Release|Any CPU
		{5719CDA3-FA7A-4BE6-B54A-609C0245264F}.Release|iPhone.ActiveCfg = Release|Any CPU
		{5719CDA3-FA7A-4BE6-B54A-609C0245264F}.Release|iPhone.Build.0 = Release|Any CPU
		{5719CDA3-FA7A-4BE6-B54A-609C0245264F}.Release|iPhone.Deploy.0 = Release|Any CPU
		{5719CDA3-FA7A-4BE6-B54A-609C0245264F}.Release|iPhoneSimulator.ActiveCfg = Release|Any CPU
		{5719CDA3-FA7A-4BE6-B54A-609C0245264F}.Release|iPhoneSimulator.Build.0 = Release|Any CPU
		{5719CDA3-FA7A-4BE6-B54A-609C0245264F}.Release|iPhoneSimulator.Deploy.0 = Release|Any CPU
		{F6026CA2-8490-4AD9-922D-2088C774D754}.Debug|Any CPU.ActiveCfg = Debug|iPhoneSimulator
		{F6026CA2-8490-4AD9-922D-2088C774D754}.Debug|Any CPU.Deploy.0 = Debug|iPhoneSimulator
		{F6026CA2-8490-4AD9-922D-2088C774D754}.Debug|iPhone.ActiveCfg = Debug|iPhone
		{F6026CA2-8490-4AD9-922D-2088C774D754}.Debug|iPhone.Build.0 = Debug|iPhone
		{F6026CA2-8490-4AD9-922D-2088C774D754}.Debug|iPhone.Deploy.0 = Debug|iPhone
		{F6026CA2-8490-4AD9-922D-2088C774D754}.Debug|iPhoneSimulator.ActiveCfg = Debug|iPhoneSimulator
		{F6026CA2-8490-4AD9-922D-2088C774D754}.Debug|iPhoneSimulator.Build.0 = Debug|iPhoneSimulator
		{F6026CA2-8490-4AD9-922D-2088C774D754}.Debug|iPhoneSimulator.Deploy.0 = Debug|iPhoneSimulator
		{F6026CA2-8490-4AD9-922D-2088C774D754}.Release|Any CPU.ActiveCfg = Release|iPhone
		{F6026CA2-8490-4AD9-922D-2088C774D754}.Release|Any CPU.Build.0 = Release|iPhone
		{F6026CA2-8490-4AD9-922D-2088C774D754}.Release|Any CPU.Deploy.0 = Release|iPhone
		{F6026CA2-8490-4AD9-922D-2088C774D754}.Release|iPhone.ActiveCfg = Release|iPhone
		{F6026CA2-8490-4AD9-922D-2088C774D754}.Release|iPhone.Build.0 = Release|iPhone
		{F6026CA2-8490-4AD9-922D-2088C774D754}.Release|iPhone.Deploy.0 = Release|iPhone
		{F6026CA2-8490-4AD9-922D-2088C774D754}.Release|iPhoneSimulator.ActiveCfg = Release|iPhoneSimulator
		{F6026CA2-8490-4AD9-922D-2088C774D754}.Release|iPhoneSimulator.Build.0 = Release|iPhoneSimulator
		{F6026CA2-8490-4AD9-922D-2088C774D754}.Release|iPhoneSimulator.Deploy.0 = Release|iPhoneSimulator
		{FF66AA27-EEB2-4218-8581-91021B0A8B0B}.Debug|Any CPU.ActiveCfg = Debug|Any CPU
		{FF66AA27-EEB2-4218-8581-91021B0A8B0B}.Debug|Any CPU.Build.0 = Debug|Any CPU
		{FF66AA27-EEB2-4218-8581-91021B0A8B0B}.Debug|Any CPU.Deploy.0 = Debug|Any CPU
		{FF66AA27-EEB2-4218-8581-91021B0A8B0B}.Debug|iPhone.ActiveCfg = Debug|Any CPU
		{FF66AA27-EEB2-4218-8581-91021B0A8B0B}.Debug|iPhone.Build.0 = Debug|Any CPU
		{FF66AA27-EEB2-4218-8581-91021B0A8B0B}.Debug|iPhone.Deploy.0 = Debug|Any CPU
		{FF66AA27-EEB2-4218-8581-91021B0A8B0B}.Debug|iPhoneSimulator.ActiveCfg = Debug|Any CPU
		{FF66AA27-EEB2-4218-8581-91021B0A8B0B}.Debug|iPhoneSimulator.Build.0 = Debug|Any CPU
		{FF66AA27-EEB2-4218-8581-91021B0A8B0B}.Debug|iPhoneSimulator.Deploy.0 = Debug|Any CPU
		{FF66AA27-EEB2-4218-8581-91021B0A8B0B}.Release|Any CPU.ActiveCfg = Release|Any CPU
		{FF66AA27-EEB2-4218-8581-91021B0A8B0B}.Release|Any CPU.Build.0 = Release|Any CPU
		{FF66AA27-EEB2-4218-8581-91021B0A8B0B}.Release|Any CPU.Deploy.0 = Release|Any CPU
		{FF66AA27-EEB2-4218-8581-91021B0A8B0B}.Release|iPhone.ActiveCfg = Release|Any CPU
		{FF66AA27-EEB2-4218-8581-91021B0A8B0B}.Release|iPhone.Build.0 = Release|Any CPU
		{FF66AA27-EEB2-4218-8581-91021B0A8B0B}.Release|iPhone.Deploy.0 = Release|Any CPU
		{FF66AA27-EEB2-4218-8581-91021B0A8B0B}.Release|iPhoneSimulator.ActiveCfg = Release|Any CPU
		{FF66AA27-EEB2-4218-8581-91021B0A8B0B}.Release|iPhoneSimulator.Build.0 = Release|Any CPU
		{FF66AA27-EEB2-4218-8581-91021B0A8B0B}.Release|iPhoneSimulator.Deploy.0 = Release|Any CPU
	EndGlobalSection
	GlobalSection(SolutionProperties) = preSolution
		HideSolutionNode = FALSE
	EndGlobalSection
	GlobalSection(ExtensibilityGlobals) = postSolution
		SolutionGuid = {865F3738-F877-4B01-9D8D-24CAEB726207}
	EndGlobalSection
EndGlobal
